
Microsoft Visual Studio Solution File, Format Version 12.00
# Visual Studio Version 16
VisualStudioVersion = 16.0.35229.62
MinimumVisualStudioVersion = 10.0.40219.1
Project("{FAE04EC0-301F-11D3-BF4B-00C04F79EFBC}") = "WindowsFormsApp1", "WindowsFormsApp1\WindowsFormsApp1.csproj", "{AF2CFACC-B3D3-4F8D-AE14-C90D196A0055}"
EndProject
Global
	GlobalSection(SolutionConfigurationPlatforms) = preSolution
		Debug|Any CPU = Debug|Any CPU
		Release|Any CPU = Release|Any CPU
	EndGlobalSection
	GlobalSection(ProjectConfigurationPlatforms) = postSolution
		{AF2CFACC-B3D3-4F8D-AE14-C90D196A0055}.Debug|Any CPU.ActiveCfg = Debug|Any CPU
		{AF2CFACC-B3D3-4F8D-AE14-C90D196A0055}.Debug|Any CPU.Build.0 = Debug|Any CPU
		{AF2CFACC-B3D3-4F8D-AE14-C90D196A0055}.Release|Any CPU.ActiveCfg = Release|Any CPU
		{AF2CFACC-B3D3-4F8D-AE14-C90D196A0055}.Release|Any CPU.Build.0 = Release|Any CPU
	EndGlobalSection
	GlobalSection(SolutionProperties) = preSolution
		HideSolutionNode = FALSE
	EndGlobalSection
	GlobalSection(ExtensibilityGlobals) = postSolution
		SolutionGuid = {7357C720-CC13-4F08-B201-05C6ED885817}
	EndGlobalSection
EndGlobal
