
Microsoft Visual Studio Solution File, Format Version 12.00
# Visual Studio Version 17
VisualStudioVersion = 17.9.34701.34
MinimumVisualStudioVersion = 10.0.40219.1
Project("{FAE04EC0-301F-11D3-BF4B-00C04F79EFBC}") = "EjecucionSeguridad", "EjecucionSeguridad\EjecucionSeguridad.csproj", "{18F2EC45-0DBB-4C3B-A4BD-34D3F5BC2D61}"
EndProject
Global
	GlobalSection(SolutionConfigurationPlatforms) = preSolution
		Debug|Any CPU = Debug|Any CPU
		Release|Any CPU = Release|Any CPU
	EndGlobalSection
	GlobalSection(ProjectConfigurationPlatforms) = postSolution
		{18F2EC45-0DBB-4C3B-A4BD-34D3F5BC2D61}.Debug|Any CPU.ActiveCfg = Debug|Any CPU
		{18F2EC45-0DBB-4C3B-A4BD-34D3F5BC2D61}.Debug|Any CPU.Build.0 = Debug|Any CPU
		{18F2EC45-0DBB-4C3B-A4BD-34D3F5BC2D61}.Release|Any CPU.ActiveCfg = Release|Any CPU
		{18F2EC45-0DBB-4C3B-A4BD-34D3F5BC2D61}.Release|Any CPU.Build.0 = Release|Any CPU
	EndGlobalSection
	GlobalSection(SolutionProperties) = preSolution
		HideSolutionNode = FALSE
	EndGlobalSection
	GlobalSection(ExtensibilityGlobals) = postSolution
		SolutionGuid = {2AF7B142-6177-4086-8073-AF5820AD32DB}
	EndGlobalSection
EndGlobal
