
Microsoft Visual Studio Solution File, Format Version 12.00
# Visual Studio Version 16
VisualStudioVersion = 16.0.35130.168
MinimumVisualStudioVersion = 10.0.40219.1
Project("{FAE04EC0-301F-11D3-BF4B-00C04F79EFBC}") = "consultas", "consultas\consultas.csproj", "{EBE87B34-2C86-48B5-A41F-A268B96F7322}"
EndProject
Global
	GlobalSection(SolutionConfigurationPlatforms) = preSolution
		Debug|Any CPU = Debug|Any CPU
		Release|Any CPU = Release|Any CPU
	EndGlobalSection
	GlobalSection(ProjectConfigurationPlatforms) = postSolution
		{EBE87B34-2C86-48B5-A41F-A268B96F7322}.Debug|Any CPU.ActiveCfg = Debug|Any CPU
		{EBE87B34-2C86-48B5-A41F-A268B96F7322}.Debug|Any CPU.Build.0 = Debug|Any CPU
		{EBE87B34-2C86-48B5-A41F-A268B96F7322}.Release|Any CPU.ActiveCfg = Release|Any CPU
		{EBE87B34-2C86-48B5-A41F-A268B96F7322}.Release|Any CPU.Build.0 = Release|Any CPU
	EndGlobalSection
	GlobalSection(SolutionProperties) = preSolution
		HideSolutionNode = FALSE
	EndGlobalSection
	GlobalSection(ExtensibilityGlobals) = postSolution
		SolutionGuid = {DF104244-81F2-47BB-9F59-DFA7F795DF09}
	EndGlobalSection
EndGlobal
