
Microsoft Visual Studio Solution File, Format Version 12.00
# Visual Studio Version 16
VisualStudioVersion = 16.0.35130.168
MinimumVisualStudioVersion = 10.0.40219.1
Project("{FAE04EC0-301F-11D3-BF4B-00C04F79EFBC}") = "Ejecución_OrdenesCompras", "Ejecución_OrdenesCompras\Ejecución_OrdenesCompras.csproj", "{BCF2AA95-AA11-42C6-AEE2-5887FC6C5D97}"
EndProject
Global
	GlobalSection(SolutionConfigurationPlatforms) = preSolution
		Debug|Any CPU = Debug|Any CPU
		Release|Any CPU = Release|Any CPU
	EndGlobalSection
	GlobalSection(ProjectConfigurationPlatforms) = postSolution
		{BCF2AA95-AA11-42C6-AEE2-5887FC6C5D97}.Debug|Any CPU.ActiveCfg = Debug|Any CPU
		{BCF2AA95-AA11-42C6-AEE2-5887FC6C5D97}.Debug|Any CPU.Build.0 = Debug|Any CPU
		{BCF2AA95-AA11-42C6-AEE2-5887FC6C5D97}.Release|Any CPU.ActiveCfg = Release|Any CPU
		{BCF2AA95-AA11-42C6-AEE2-5887FC6C5D97}.Release|Any CPU.Build.0 = Release|Any CPU
	EndGlobalSection
	GlobalSection(SolutionProperties) = preSolution
		HideSolutionNode = FALSE
	EndGlobalSection
	GlobalSection(ExtensibilityGlobals) = postSolution
		SolutionGuid = {D95DADC3-ACA8-42E5-BBF5-33C64BFFF690}
	EndGlobalSection
EndGlobal
