
Microsoft Visual Studio Solution File, Format Version 12.00
# Visual Studio Version 16
VisualStudioVersion = 16.0.35026.282
MinimumVisualStudioVersion = 10.0.40219.1
Project("{FAE04EC0-301F-11D3-BF4B-00C04F79EFBC}") = "Capa_Vista_CierreContable", "Capa_Vista_CierreContable\Capa_Vista_CierreContable.csproj", "{20A9DDD0-C157-4865-A55C-400BBEE8DB01}"
EndProject
Project("{FAE04EC0-301F-11D3-BF4B-00C04F79EFBC}") = "Capa_Controlador_CierreContable", "Capa_Controlador_CierreContable\Capa_Controlador_CierreContable.csproj", "{9EC50619-3D47-4264-9F5B-E155866ABEE7}"
EndProject
Project("{FAE04EC0-301F-11D3-BF4B-00C04F79EFBC}") = "Capa_Modelo_CierreContable", "Capa_Modelo_CierreContable\Capa_Modelo_CierreContable.csproj", "{051AA730-B85B-495C-9C50-E13937CE1033}"
EndProject
Project("{FAE04EC0-301F-11D3-BF4B-00C04F79EFBC}") = "TestConsultasCierre", "TestConsultasCierre\TestConsultasCierre.csproj", "{8320AA5D-A788-4EF8-801D-7D221A2AF2FD}"
EndProject
Project("{FAE04EC0-301F-11D3-BF4B-00C04F79EFBC}") = "CierreMensualTest", "CierreMensualTest\CierreMensualTest.csproj", "{5B429C46-0394-4028-B61E-1B015690A102}"
EndProject
Global
	GlobalSection(SolutionConfigurationPlatforms) = preSolution
		Debug|Any CPU = Debug|Any CPU
		Release|Any CPU = Release|Any CPU
	EndGlobalSection
	GlobalSection(ProjectConfigurationPlatforms) = postSolution
		{20A9DDD0-C157-4865-A55C-400BBEE8DB01}.Debug|Any CPU.ActiveCfg = Debug|Any CPU
		{20A9DDD0-C157-4865-A55C-400BBEE8DB01}.Debug|Any CPU.Build.0 = Debug|Any CPU
		{20A9DDD0-C157-4865-A55C-400BBEE8DB01}.Release|Any CPU.ActiveCfg = Release|Any CPU
		{20A9DDD0-C157-4865-A55C-400BBEE8DB01}.Release|Any CPU.Build.0 = Release|Any CPU
		{9EC50619-3D47-4264-9F5B-E155866ABEE7}.Debug|Any CPU.ActiveCfg = Debug|Any CPU
		{9EC50619-3D47-4264-9F5B-E155866ABEE7}.Debug|Any CPU.Build.0 = Debug|Any CPU
		{9EC50619-3D47-4264-9F5B-E155866ABEE7}.Release|Any CPU.ActiveCfg = Release|Any CPU
		{9EC50619-3D47-4264-9F5B-E155866ABEE7}.Release|Any CPU.Build.0 = Release|Any CPU
		{051AA730-B85B-495C-9C50-E13937CE1033}.Debug|Any CPU.ActiveCfg = Debug|Any CPU
		{051AA730-B85B-495C-9C50-E13937CE1033}.Debug|Any CPU.Build.0 = Debug|Any CPU
		{051AA730-B85B-495C-9C50-E13937CE1033}.Release|Any CPU.ActiveCfg = Release|Any CPU
		{051AA730-B85B-495C-9C50-E13937CE1033}.Release|Any CPU.Build.0 = Release|Any CPU
		{8320AA5D-A788-4EF8-801D-7D221A2AF2FD}.Debug|Any CPU.ActiveCfg = Debug|Any CPU
		{8320AA5D-A788-4EF8-801D-7D221A2AF2FD}.Debug|Any CPU.Build.0 = Debug|Any CPU
		{8320AA5D-A788-4EF8-801D-7D221A2AF2FD}.Release|Any CPU.ActiveCfg = Release|Any CPU
		{8320AA5D-A788-4EF8-801D-7D221A2AF2FD}.Release|Any CPU.Build.0 = Release|Any CPU
		{5B429C46-0394-4028-B61E-1B015690A102}.Debug|Any CPU.ActiveCfg = Debug|Any CPU
		{5B429C46-0394-4028-B61E-1B015690A102}.Debug|Any CPU.Build.0 = Debug|Any CPU
		{5B429C46-0394-4028-B61E-1B015690A102}.Release|Any CPU.ActiveCfg = Release|Any CPU
		{5B429C46-0394-4028-B61E-1B015690A102}.Release|Any CPU.Build.0 = Release|Any CPU
	EndGlobalSection
	GlobalSection(SolutionProperties) = preSolution
		HideSolutionNode = FALSE
	EndGlobalSection
	GlobalSection(ExtensibilityGlobals) = postSolution
		SolutionGuid = {CD173223-9C87-4D33-A6E9-4396ED06D793}
	EndGlobalSection
EndGlobal
