
Microsoft Visual Studio Solution File, Format Version 12.00
# Visual Studio Version 16
VisualStudioVersion = 16.0.35130.168
MinimumVisualStudioVersion = 10.0.40219.1
Project("{FAE04EC0-301F-11D3-BF4B-00C04F79EFBC}") = "Capa_Vista_OrdenCompra", "Capa_Vista_OrdenCompra\Capa_Vista_OrdenCompra.csproj", "{B40992A0-5396-4EC8-B247-CAF2B5A11DD4}"
EndProject
Project("{FAE04EC0-301F-11D3-BF4B-00C04F79EFBC}") = "Capa_Modelo_OrdenCompra", "Capa_Modelo_OrdenCompra\Capa_Modelo_OrdenCompra.csproj", "{CF070B1E-756F-4012-8C82-CD91059E421A}"
EndProject
Project("{FAE04EC0-301F-11D3-BF4B-00C04F79EFBC}") = "Capa_Controlador_OrdenCompra", "Capa_Controlador_OrdenCompra\Capa_Controlador_OrdenCompra.csproj", "{AB1CD918-5A88-4135-825B-2430CAF68392}"
EndProject
Global
	GlobalSection(SolutionConfigurationPlatforms) = preSolution
		Debug|Any CPU = Debug|Any CPU
		Release|Any CPU = Release|Any CPU
	EndGlobalSection
	GlobalSection(ProjectConfigurationPlatforms) = postSolution
		{B40992A0-5396-4EC8-B247-CAF2B5A11DD4}.Debug|Any CPU.ActiveCfg = Debug|Any CPU
		{B40992A0-5396-4EC8-B247-CAF2B5A11DD4}.Debug|Any CPU.Build.0 = Debug|Any CPU
		{B40992A0-5396-4EC8-B247-CAF2B5A11DD4}.Release|Any CPU.ActiveCfg = Release|Any CPU
		{B40992A0-5396-4EC8-B247-CAF2B5A11DD4}.Release|Any CPU.Build.0 = Release|Any CPU
		{CF070B1E-756F-4012-8C82-CD91059E421A}.Debug|Any CPU.ActiveCfg = Debug|Any CPU
		{CF070B1E-756F-4012-8C82-CD91059E421A}.Debug|Any CPU.Build.0 = Debug|Any CPU
		{CF070B1E-756F-4012-8C82-CD91059E421A}.Release|Any CPU.ActiveCfg = Release|Any CPU
		{CF070B1E-756F-4012-8C82-CD91059E421A}.Release|Any CPU.Build.0 = Release|Any CPU
		{AB1CD918-5A88-4135-825B-2430CAF68392}.Debug|Any CPU.ActiveCfg = Debug|Any CPU
		{AB1CD918-5A88-4135-825B-2430CAF68392}.Debug|Any CPU.Build.0 = Debug|Any CPU
		{AB1CD918-5A88-4135-825B-2430CAF68392}.Release|Any CPU.ActiveCfg = Release|Any CPU
		{AB1CD918-5A88-4135-825B-2430CAF68392}.Release|Any CPU.Build.0 = Release|Any CPU
	EndGlobalSection
	GlobalSection(SolutionProperties) = preSolution
		HideSolutionNode = FALSE
	EndGlobalSection
	GlobalSection(ExtensibilityGlobals) = postSolution
		SolutionGuid = {87CAE7A9-FF4A-47B1-8516-7282F6719455}
	EndGlobalSection
EndGlobal
