
Microsoft Visual Studio Solution File, Format Version 12.00
# Visual Studio Version 16
VisualStudioVersion = 16.0.35229.62
MinimumVisualStudioVersion = 10.0.40219.1
Project("{FAE04EC0-301F-11D3-BF4B-00C04F79EFBC}") = "Capa_Vista_Contabilidad", "Capa_Vista_Contabilidad\Capa_Vista_Contabilidad.csproj", "{484D1B1C-D959-4D72-8E3A-3B31E1C6C8B4}"
EndProject
Global
	GlobalSection(SolutionConfigurationPlatforms) = preSolution
		Debug|Any CPU = Debug|Any CPU
		Release|Any CPU = Release|Any CPU
	EndGlobalSection
	GlobalSection(ProjectConfigurationPlatforms) = postSolution
		{484D1B1C-D959-4D72-8E3A-3B31E1C6C8B4}.Debug|Any CPU.ActiveCfg = Debug|Any CPU
		{484D1B1C-D959-4D72-8E3A-3B31E1C6C8B4}.Debug|Any CPU.Build.0 = Debug|Any CPU
		{484D1B1C-D959-4D72-8E3A-3B31E1C6C8B4}.Release|Any CPU.ActiveCfg = Release|Any CPU
		{484D1B1C-D959-4D72-8E3A-3B31E1C6C8B4}.Release|Any CPU.Build.0 = Release|Any CPU
	EndGlobalSection
	GlobalSection(SolutionProperties) = preSolution
		HideSolutionNode = FALSE
	EndGlobalSection
	GlobalSection(ExtensibilityGlobals) = postSolution
		SolutionGuid = {C43CE619-E9A3-400A-9FB2-072A0264AF14}
	EndGlobalSection
EndGlobal
