
Microsoft Visual Studio Solution File, Format Version 12.00
# Visual Studio Version 16
VisualStudioVersion = 16.0.35026.282
MinimumVisualStudioVersion = 10.0.40219.1
Project("{FAE04EC0-301F-11D3-BF4B-00C04F79EFBC}") = "Capa_Vista_Anticipos", "Capa_Vista_Anticipos\Capa_Vista_Anticipos.csproj", "{66ABFC2C-719F-4EB2-8C1D-3216186F1AB5}"
EndProject
Project("{FAE04EC0-301F-11D3-BF4B-00C04F79EFBC}") = "Capa_Controlador_Anticipos", "Capa_Controlador_Anticipos\Capa_Controlador_Anticipos.csproj", "{09604C65-E674-4C2E-AA12-C69E4CC22774}"
EndProject
Project("{FAE04EC0-301F-11D3-BF4B-00C04F79EFBC}") = "Capa_Modelo_Anticipos", "Capa_Modelo_Anticipo\Capa_Modelo_Anticipos.csproj", "{2AE865F2-9887-4B7E-9C98-88323CFEB4F3}"
EndProject
Global
	GlobalSection(SolutionConfigurationPlatforms) = preSolution
		Debug|Any CPU = Debug|Any CPU
		Release|Any CPU = Release|Any CPU
	EndGlobalSection
	GlobalSection(ProjectConfigurationPlatforms) = postSolution
		{66ABFC2C-719F-4EB2-8C1D-3216186F1AB5}.Debug|Any CPU.ActiveCfg = Debug|Any CPU
		{66ABFC2C-719F-4EB2-8C1D-3216186F1AB5}.Debug|Any CPU.Build.0 = Debug|Any CPU
		{66ABFC2C-719F-4EB2-8C1D-3216186F1AB5}.Release|Any CPU.ActiveCfg = Release|Any CPU
		{66ABFC2C-719F-4EB2-8C1D-3216186F1AB5}.Release|Any CPU.Build.0 = Release|Any CPU
		{09604C65-E674-4C2E-AA12-C69E4CC22774}.Debug|Any CPU.ActiveCfg = Debug|Any CPU
		{09604C65-E674-4C2E-AA12-C69E4CC22774}.Debug|Any CPU.Build.0 = Debug|Any CPU
		{09604C65-E674-4C2E-AA12-C69E4CC22774}.Release|Any CPU.ActiveCfg = Release|Any CPU
		{09604C65-E674-4C2E-AA12-C69E4CC22774}.Release|Any CPU.Build.0 = Release|Any CPU
		{2AE865F2-9887-4B7E-9C98-88323CFEB4F3}.Debug|Any CPU.ActiveCfg = Debug|Any CPU
		{2AE865F2-9887-4B7E-9C98-88323CFEB4F3}.Debug|Any CPU.Build.0 = Debug|Any CPU
		{2AE865F2-9887-4B7E-9C98-88323CFEB4F3}.Release|Any CPU.ActiveCfg = Release|Any CPU
		{2AE865F2-9887-4B7E-9C98-88323CFEB4F3}.Release|Any CPU.Build.0 = Release|Any CPU
	EndGlobalSection
	GlobalSection(SolutionProperties) = preSolution
		HideSolutionNode = FALSE
	EndGlobalSection
	GlobalSection(ExtensibilityGlobals) = postSolution
		SolutionGuid = {048FE4D6-3C6F-4A7E-ACFE-710D8353F051}
	EndGlobalSection
EndGlobal
