
Microsoft Visual Studio Solution File, Format Version 12.00
# Visual Studio Version 16
VisualStudioVersion = 16.0.35026.282
MinimumVisualStudioVersion = 10.0.40219.1
Project("{FAE04EC0-301F-11D3-BF4B-00C04F79EFBC}") = "Capa_Vista_Movimientos", "Capa_Vista_Movimientos\Capa_Vista_Movimientos.csproj", "{AD1A40C6-04EE-408C-AE78-EC0EC3B0EA34}"
EndProject
Project("{FAE04EC0-301F-11D3-BF4B-00C04F79EFBC}") = "Capa_Controlador_Movimientos", "Capa_Controlador_Movimientos\Capa_Controlador_Movimientos.csproj", "{49807DCE-46A9-485F-BA95-B8F345186AD3}"
EndProject
Project("{FAE04EC0-301F-11D3-BF4B-00C04F79EFBC}") = "Capa_Modelo_Movimientos", "Capa_Modelo_Movimientos\Capa_Modelo_Movimientos.csproj", "{B3F108CF-054F-489A-8374-913A6461897F}"
EndProject
Project("{FAE04EC0-301F-11D3-BF4B-00C04F79EFBC}") = "Test_Movimientos_Bancarios", "Test_Movimientos_Bancarios\Test_Movimientos_Bancarios.csproj", "{C7BB4399-F012-416D-805C-C029B89EA779}"
EndProject
Global
	GlobalSection(SolutionConfigurationPlatforms) = preSolution
		Debug|Any CPU = Debug|Any CPU
		Release|Any CPU = Release|Any CPU
	EndGlobalSection
	GlobalSection(ProjectConfigurationPlatforms) = postSolution
		{AD1A40C6-04EE-408C-AE78-EC0EC3B0EA34}.Debug|Any CPU.ActiveCfg = Debug|Any CPU
		{AD1A40C6-04EE-408C-AE78-EC0EC3B0EA34}.Debug|Any CPU.Build.0 = Debug|Any CPU
		{AD1A40C6-04EE-408C-AE78-EC0EC3B0EA34}.Release|Any CPU.ActiveCfg = Release|Any CPU
		{AD1A40C6-04EE-408C-AE78-EC0EC3B0EA34}.Release|Any CPU.Build.0 = Release|Any CPU
		{49807DCE-46A9-485F-BA95-B8F345186AD3}.Debug|Any CPU.ActiveCfg = Debug|Any CPU
		{49807DCE-46A9-485F-BA95-B8F345186AD3}.Debug|Any CPU.Build.0 = Debug|Any CPU
		{49807DCE-46A9-485F-BA95-B8F345186AD3}.Release|Any CPU.ActiveCfg = Release|Any CPU
		{49807DCE-46A9-485F-BA95-B8F345186AD3}.Release|Any CPU.Build.0 = Release|Any CPU
		{B3F108CF-054F-489A-8374-913A6461897F}.Debug|Any CPU.ActiveCfg = Debug|Any CPU
		{B3F108CF-054F-489A-8374-913A6461897F}.Debug|Any CPU.Build.0 = Debug|Any CPU
		{B3F108CF-054F-489A-8374-913A6461897F}.Release|Any CPU.ActiveCfg = Release|Any CPU
		{B3F108CF-054F-489A-8374-913A6461897F}.Release|Any CPU.Build.0 = Release|Any CPU
		{C7BB4399-F012-416D-805C-C029B89EA779}.Debug|Any CPU.ActiveCfg = Debug|Any CPU
		{C7BB4399-F012-416D-805C-C029B89EA779}.Debug|Any CPU.Build.0 = Debug|Any CPU
		{C7BB4399-F012-416D-805C-C029B89EA779}.Release|Any CPU.ActiveCfg = Release|Any CPU
		{C7BB4399-F012-416D-805C-C029B89EA779}.Release|Any CPU.Build.0 = Release|Any CPU
	EndGlobalSection
	GlobalSection(SolutionProperties) = preSolution
		HideSolutionNode = FALSE
	EndGlobalSection
	GlobalSection(ExtensibilityGlobals) = postSolution
		SolutionGuid = {5CD0BF68-5787-41E0-B90A-52A4219FAF9E}
	EndGlobalSection
EndGlobal
