
Microsoft Visual Studio Solution File, Format Version 12.00
# Visual Studio Version 16
VisualStudioVersion = 16.0.35130.168
MinimumVisualStudioVersion = 10.0.40219.1
Project("{FAE04EC0-301F-11D3-BF4B-00C04F79EFBC}") = "frm_Reporte_Listas", "frm_Reporte_Listas\frm_Reporte_Listas.csproj", "{2BF9CA24-BE4A-4D54-9813-06E351440635}"
EndProject
Global
	GlobalSection(SolutionConfigurationPlatforms) = preSolution
		Debug|Any CPU = Debug|Any CPU
		Release|Any CPU = Release|Any CPU
	EndGlobalSection
	GlobalSection(ProjectConfigurationPlatforms) = postSolution
		{2BF9CA24-BE4A-4D54-9813-06E351440635}.Debug|Any CPU.ActiveCfg = Debug|Any CPU
		{2BF9CA24-BE4A-4D54-9813-06E351440635}.Debug|Any CPU.Build.0 = Debug|Any CPU
		{2BF9CA24-BE4A-4D54-9813-06E351440635}.Release|Any CPU.ActiveCfg = Release|Any CPU
		{2BF9CA24-BE4A-4D54-9813-06E351440635}.Release|Any CPU.Build.0 = Release|Any CPU
	EndGlobalSection
	GlobalSection(SolutionProperties) = preSolution
		HideSolutionNode = FALSE
	EndGlobalSection
	GlobalSection(ExtensibilityGlobals) = postSolution
		SolutionGuid = {4199D4F8-5135-4292-A01A-680763AFECF1}
	EndGlobalSection
EndGlobal
