
Microsoft Visual Studio Solution File, Format Version 12.00
# Visual Studio Version 16
VisualStudioVersion = 16.0.35026.282
MinimumVisualStudioVersion = 10.0.40219.1
Project("{FAE04EC0-301F-11D3-BF4B-00C04F79EFBC}") = "Capa_Vista_CompraVenta", "Capa_Vista_CompraVenta\Capa_Vista_CompraVenta.csproj", "{83130444-93A6-49DE-B86C-C1C5BE36CD16}"
EndProject
Project("{FAE04EC0-301F-11D3-BF4B-00C04F79EFBC}") = "Capa_Modelo_CompraVenta", "Capa_Modelo_CompraVenta\Capa_Modelo_CompraVenta.csproj", "{6841C853-D7EA-4D23-BCC7-C043D2B83F17}"
EndProject
Project("{FAE04EC0-301F-11D3-BF4B-00C04F79EFBC}") = "Capa_Controlador_CompraVenta", "Capa_Controlador_CompraVenta\Capa_Controlador_CompraVenta.csproj", "{3C789A61-DD30-46B6-A150-9A6DA5BB1C83}"
EndProject
Global
	GlobalSection(SolutionConfigurationPlatforms) = preSolution
		Debug|Any CPU = Debug|Any CPU
		Release|Any CPU = Release|Any CPU
	EndGlobalSection
	GlobalSection(ProjectConfigurationPlatforms) = postSolution
		{83130444-93A6-49DE-B86C-C1C5BE36CD16}.Debug|Any CPU.ActiveCfg = Debug|Any CPU
		{83130444-93A6-49DE-B86C-C1C5BE36CD16}.Debug|Any CPU.Build.0 = Debug|Any CPU
		{83130444-93A6-49DE-B86C-C1C5BE36CD16}.Release|Any CPU.ActiveCfg = Release|Any CPU
		{83130444-93A6-49DE-B86C-C1C5BE36CD16}.Release|Any CPU.Build.0 = Release|Any CPU
		{6841C853-D7EA-4D23-BCC7-C043D2B83F17}.Debug|Any CPU.ActiveCfg = Debug|Any CPU
		{6841C853-D7EA-4D23-BCC7-C043D2B83F17}.Debug|Any CPU.Build.0 = Debug|Any CPU
		{6841C853-D7EA-4D23-BCC7-C043D2B83F17}.Release|Any CPU.ActiveCfg = Release|Any CPU
		{6841C853-D7EA-4D23-BCC7-C043D2B83F17}.Release|Any CPU.Build.0 = Release|Any CPU
		{3C789A61-DD30-46B6-A150-9A6DA5BB1C83}.Debug|Any CPU.ActiveCfg = Debug|Any CPU
		{3C789A61-DD30-46B6-A150-9A6DA5BB1C83}.Debug|Any CPU.Build.0 = Debug|Any CPU
		{3C789A61-DD30-46B6-A150-9A6DA5BB1C83}.Release|Any CPU.ActiveCfg = Release|Any CPU
		{3C789A61-DD30-46B6-A150-9A6DA5BB1C83}.Release|Any CPU.Build.0 = Release|Any CPU
	EndGlobalSection
	GlobalSection(SolutionProperties) = preSolution
		HideSolutionNode = FALSE
	EndGlobalSection
	GlobalSection(ExtensibilityGlobals) = postSolution
		SolutionGuid = {988962D6-81F1-4D95-BCAC-4314C506EB1A}
	EndGlobalSection
EndGlobal
