
Microsoft Visual Studio Solution File, Format Version 12.00
# Visual Studio Version 16
VisualStudioVersion = 16.0.35026.282
MinimumVisualStudioVersion = 10.0.40219.1
Project("{FAE04EC0-301F-11D3-BF4B-00C04F79EFBC}") = "Capa_Controlador_JDSC", "Capa_Controlador_JDSC\Capa_Controlador_JDSC.csproj", "{42706741-2603-4041-A0E5-1BFAD31FB672}"
EndProject
Project("{FAE04EC0-301F-11D3-BF4B-00C04F79EFBC}") = "Capa_Modelo_JDSC", "Capa_Modelo_JDSC\Capa_Modelo_JDSC.csproj", "{1442CF6E-D679-43AB-A954-0DAAE8C6ECF9}"
EndProject
Project("{FAE04EC0-301F-11D3-BF4B-00C04F79EFBC}") = "Capa_Vista_JDSC", "Capa_Vista_JDSC\Capa_Vista_JDSC.csproj", "{F067B6A8-5039-4859-A3C1-6D937F296217}"
EndProject
Project("{FAE04EC0-301F-11D3-BF4B-00C04F79EFBC}") = "Prueba_JDSC", "Prueba_JDSC\Prueba_JDSC.csproj", "{9E182038-A6BB-4046-98CE-B9D4A9BCA9FB}"
EndProject
Global
	GlobalSection(SolutionConfigurationPlatforms) = preSolution
		Debug|Any CPU = Debug|Any CPU
		Release|Any CPU = Release|Any CPU
	EndGlobalSection
	GlobalSection(ProjectConfigurationPlatforms) = postSolution
		{42706741-2603-4041-A0E5-1BFAD31FB672}.Debug|Any CPU.ActiveCfg = Debug|Any CPU
		{42706741-2603-4041-A0E5-1BFAD31FB672}.Debug|Any CPU.Build.0 = Debug|Any CPU
		{42706741-2603-4041-A0E5-1BFAD31FB672}.Release|Any CPU.ActiveCfg = Release|Any CPU
		{42706741-2603-4041-A0E5-1BFAD31FB672}.Release|Any CPU.Build.0 = Release|Any CPU
		{1442CF6E-D679-43AB-A954-0DAAE8C6ECF9}.Debug|Any CPU.ActiveCfg = Debug|Any CPU
		{1442CF6E-D679-43AB-A954-0DAAE8C6ECF9}.Debug|Any CPU.Build.0 = Debug|Any CPU
		{1442CF6E-D679-43AB-A954-0DAAE8C6ECF9}.Release|Any CPU.ActiveCfg = Release|Any CPU
		{1442CF6E-D679-43AB-A954-0DAAE8C6ECF9}.Release|Any CPU.Build.0 = Release|Any CPU
		{F067B6A8-5039-4859-A3C1-6D937F296217}.Debug|Any CPU.ActiveCfg = Debug|Any CPU
		{F067B6A8-5039-4859-A3C1-6D937F296217}.Debug|Any CPU.Build.0 = Debug|Any CPU
		{F067B6A8-5039-4859-A3C1-6D937F296217}.Release|Any CPU.ActiveCfg = Release|Any CPU
		{F067B6A8-5039-4859-A3C1-6D937F296217}.Release|Any CPU.Build.0 = Release|Any CPU
		{9E182038-A6BB-4046-98CE-B9D4A9BCA9FB}.Debug|Any CPU.ActiveCfg = Debug|Any CPU
		{9E182038-A6BB-4046-98CE-B9D4A9BCA9FB}.Debug|Any CPU.Build.0 = Debug|Any CPU
		{9E182038-A6BB-4046-98CE-B9D4A9BCA9FB}.Release|Any CPU.ActiveCfg = Release|Any CPU
		{9E182038-A6BB-4046-98CE-B9D4A9BCA9FB}.Release|Any CPU.Build.0 = Release|Any CPU
	EndGlobalSection
	GlobalSection(SolutionProperties) = preSolution
		HideSolutionNode = FALSE
	EndGlobalSection
	GlobalSection(ExtensibilityGlobals) = postSolution
		SolutionGuid = {2B7EBF96-B52F-4BB2-965F-C7D217FE2EC4}
	EndGlobalSection
EndGlobal
